
Microsoft Visual Studio Solution File, Format Version 12.00
# Visual Studio 2013
VisualStudioVersion = 12.0.31101.0
MinimumVisualStudioVersion = 10.0.40219.1
Project("{FAE04EC0-301F-11D3-BF4B-00C04F79EFBC}") = "Handy.Crm.Powershell.Cmdlets", "Handy.Crm.Powershell.Cmdlets\Handy.Crm.Powershell.Cmdlets.csproj", "{327462B4-09FE-4876-BD97-2C19F19B123D}"
EndProject
Project("{2150E333-8FDC-42A3-9474-1A3956D46DE8}") = ".nuget", ".nuget", "{C1D8341C-D5D2-4639-B000-4EED7B1EF650}"
	ProjectSection(SolutionItems) = preProject
		.nuget\NuGet.Config = .nuget\NuGet.Config
		.nuget\NuGet.exe = .nuget\NuGet.exe
		.nuget\NuGet.targets = .nuget\NuGet.targets
	EndProjectSection
EndProject
Project("{FAE04EC0-301F-11D3-BF4B-00C04F79EFBC}") = "Handy.Crm.2013.Powershell.Cmdlets", "Handy.Crm.2013.Powershell.Cmdlets\Handy.Crm.2013.Powershell.Cmdlets.csproj", "{14118F83-206A-4228-80A2-3BD0B2C1F454}"
EndProject
Project("{FAE04EC0-301F-11D3-BF4B-00C04F79EFBC}") = "Handy.Crm.2015.Powershell.Cmdlets", "Handy.Crm.2015.Powershell.Cmdlets\Handy.Crm.2015.Powershell.Cmdlets.csproj", "{6D3067EE-8566-4B54-BBEA-05ADE38A110F}"
EndProject
Global
	GlobalSection(SolutionConfigurationPlatforms) = preSolution
		Debug|Any CPU = Debug|Any CPU
		Release|Any CPU = Release|Any CPU
	EndGlobalSection
	GlobalSection(ProjectConfigurationPlatforms) = postSolution
		{327462B4-09FE-4876-BD97-2C19F19B123D}.Debug|Any CPU.ActiveCfg = Debug|Any CPU
		{327462B4-09FE-4876-BD97-2C19F19B123D}.Debug|Any CPU.Build.0 = Debug|Any CPU
		{327462B4-09FE-4876-BD97-2C19F19B123D}.Release|Any CPU.ActiveCfg = Release|Any CPU
		{327462B4-09FE-4876-BD97-2C19F19B123D}.Release|Any CPU.Build.0 = Release|Any CPU
		{14118F83-206A-4228-80A2-3BD0B2C1F454}.Debug|Any CPU.ActiveCfg = Debug|Any CPU
		{14118F83-206A-4228-80A2-3BD0B2C1F454}.Debug|Any CPU.Build.0 = Debug|Any CPU
		{14118F83-206A-4228-80A2-3BD0B2C1F454}.Release|Any CPU.ActiveCfg = Release|Any CPU
		{14118F83-206A-4228-80A2-3BD0B2C1F454}.Release|Any CPU.Build.0 = Release|Any CPU
		{6D3067EE-8566-4B54-BBEA-05ADE38A110F}.Debug|Any CPU.ActiveCfg = Debug|Any CPU
		{6D3067EE-8566-4B54-BBEA-05ADE38A110F}.Debug|Any CPU.Build.0 = Debug|Any CPU
		{6D3067EE-8566-4B54-BBEA-05ADE38A110F}.Release|Any CPU.ActiveCfg = Release|Any CPU
		{6D3067EE-8566-4B54-BBEA-05ADE38A110F}.Release|Any CPU.Build.0 = Release|Any CPU
	EndGlobalSection
	GlobalSection(SolutionProperties) = preSolution
		HideSolutionNode = FALSE
	EndGlobalSection
EndGlobal
